// !$*UTF8*$!
{
	archiveVersion = 1;
	classes = {
	};
	objectVersion = 56;
	objects = {

/* Begin PBXBuildFile section */
		D2A5D77A2AA0BBB000214ED1 /* AppDelegate.swift in Sources */ = {isa = PBXBuildFile; fileRef = D2A5D7792AA0BBB000214ED1 /* AppDelegate.swift */; };
		D2A5D77C2AA0BBB000214ED1 /* SceneDelegate.swift in Sources */ = {isa = PBXBuildFile; fileRef = D2A5D77B2AA0BBB000214ED1 /* SceneDelegate.swift */; };
		D2A5D77E2AA0BBB000214ED1 /* ViewController.swift in Sources */ = {isa = PBXBuildFile; fileRef = D2A5D77D2AA0BBB000214ED1 /* ViewController.swift */; };
		D2A5D7812AA0BBB000214ED1 /* Main.storyboard in Resources */ = {isa = PBXBuildFile; fileRef = D2A5D77F2AA0BBB000214ED1 /* Main.storyboard */; };
		D2A5D7842AA0BBB000214ED1 /* Project10.xcdatamodeld in Sources */ = {isa = PBXBuildFile; fileRef = D2A5D7822AA0BBB000214ED1 /* Project10.xcdatamodeld */; };
		D2A5D7862AA0BBB100214ED1 /* Assets.xcassets in Resources */ = {isa = PBXBuildFile; fileRef = D2A5D7852AA0BBB100214ED1 /* Assets.xcassets */; };
		D2A5D7892AA0BBB100214ED1 /* LaunchScreen.storyboard in Resources */ = {isa = PBXBuildFile; fileRef = D2A5D7872AA0BBB100214ED1 /* LaunchScreen.storyboard */; };
		D2A5D7962AA0BC6B00214ED1 /* CoreData.framework in Frameworks */ = {isa = PBXBuildFile; fileRef = D2A5D7952AA0BC6B00214ED1 /* CoreData.framework */; };
		D2A5D7982AA0BC9C00214ED1 /* DatabaseHelper.swift in Sources */ = {isa = PBXBuildFile; fileRef = D2A5D7972AA0BC9C00214ED1 /* DatabaseHelper.swift */; };
		D2A5D79B2AA0C0E200214ED1 /* People+CoreDataClass.swift in Sources */ = {isa = PBXBuildFile; fileRef = D2A5D7992AA0C0E200214ED1 /* People+CoreDataClass.swift */; };
		D2A5D79C2AA0C0E200214ED1 /* People+CoreDataProperties.swift in Sources */ = {isa = PBXBuildFile; fileRef = D2A5D79A2AA0C0E200214ED1 /* People+CoreDataProperties.swift */; };
		D2A5D79E2AA0C7CC00214ED1 /* PersonCell.swift in Sources */ = {isa = PBXBuildFile; fileRef = D2A5D79D2AA0C7CC00214ED1 /* PersonCell.swift */; };
/* End PBXBuildFile section */

/* Begin PBXFileReference section */
		D2A5D7762AA0BBB000214ED1 /* Project10.app */ = {isa = PBXFileReference; explicitFileType = wrapper.application; includeInIndex = 0; path = Project10.app; sourceTree = BUILT_PRODUCTS_DIR; };
		D2A5D7792AA0BBB000214ED1 /* AppDelegate.swift */ = {isa = PBXFileReference; lastKnownFileType = sourcecode.swift; path = AppDelegate.swift; sourceTree = "<group>"; };
		D2A5D77B2AA0BBB000214ED1 /* SceneDelegate.swift */ = {isa = PBXFileReference; lastKnownFileType = sourcecode.swift; path = SceneDelegate.swift; sourceTree = "<group>"; };
		D2A5D77D2AA0BBB000214ED1 /* ViewController.swift */ = {isa = PBXFileReference; lastKnownFileType = sourcecode.swift; path = ViewController.swift; sourceTree = "<group>"; };
		D2A5D7802AA0BBB000214ED1 /* Base */ = {isa = PBXFileReference; lastKnownFileType = file.storyboard; name = Base; path = Base.lproj/Main.storyboard; sourceTree = "<group>"; };
		D2A5D7832AA0BBB000214ED1 /* Project10.xcdatamodel */ = {isa = PBXFileReference; lastKnownFileType = wrapper.xcdatamodel; path = Project10.xcdatamodel; sourceTree = "<group>"; };
		D2A5D7852AA0BBB100214ED1 /* Assets.xcassets */ = {isa = PBXFileReference; lastKnownFileType = folder.assetcatalog; path = Assets.xcassets; sourceTree = "<group>"; };
		D2A5D7882AA0BBB100214ED1 /* Base */ = {isa = PBXFileReference; lastKnownFileType = file.storyboard; name = Base; path = Base.lproj/LaunchScreen.storyboard; sourceTree = "<group>"; };
		D2A5D78A2AA0BBB100214ED1 /* Info.plist */ = {isa = PBXFileReference; lastKnownFileType = text.plist.xml; path = Info.plist; sourceTree = "<group>"; };
		D2A5D7952AA0BC6B00214ED1 /* CoreData.framework */ = {isa = PBXFileReference; lastKnownFileType = wrapper.framework; name = CoreData.framework; path = System/Library/Frameworks/CoreData.framework; sourceTree = SDKROOT; };
		D2A5D7972AA0BC9C00214ED1 /* DatabaseHelper.swift */ = {isa = PBXFileReference; lastKnownFileType = sourcecode.swift; path = DatabaseHelper.swift; sourceTree = "<group>"; };
		D2A5D7992AA0C0E200214ED1 /* People+CoreDataClass.swift */ = {isa = PBXFileReference; lastKnownFileType = sourcecode.swift; name = "People+CoreDataClass.swift"; path = "../People+CoreDataClass.swift"; sourceTree = "<group>"; };
		D2A5D79A2AA0C0E200214ED1 /* People+CoreDataProperties.swift */ = {isa = PBXFileReference; lastKnownFileType = sourcecode.swift; name = "People+CoreDataProperties.swift"; path = "../People+CoreDataProperties.swift"; sourceTree = "<group>"; };
		D2A5D79D2AA0C7CC00214ED1 /* PersonCell.swift */ = {isa = PBXFileReference; lastKnownFileType = sourcecode.swift; path = PersonCell.swift; sourceTree = "<group>"; };
/* End PBXFileReference section */

/* Begin PBXFrameworksBuildPhase section */
		D2A5D7732AA0BBB000214ED1 /* Frameworks */ = {
			isa = PBXFrameworksBuildPhase;
			buildActionMask = 2147483647;
			files = (
				D2A5D7962AA0BC6B00214ED1 /* CoreData.framework in Frameworks */,
			);
			runOnlyForDeploymentPostprocessing = 0;
		};
/* End PBXFrameworksBuildPhase section */

/* Begin PBXGroup section */
		D2A5D76D2AA0BBB000214ED1 = {
			isa = PBXGroup;
			children = (
				D2A5D7782AA0BBB000214ED1 /* Project10 */,
				D2A5D7772AA0BBB000214ED1 /* Products */,
				D2A5D7942AA0BC6B00214ED1 /* Frameworks */,
			);
			sourceTree = "<group>";
		};
		D2A5D7772AA0BBB000214ED1 /* Products */ = {
			isa = PBXGroup;
			children = (
				D2A5D7762AA0BBB000214ED1 /* Project10.app */,
			);
			name = Products;
			sourceTree = "<group>";
		};
		D2A5D7782AA0BBB000214ED1 /* Project10 */ = {
			isa = PBXGroup;
			children = (
				D2A5D7792AA0BBB000214ED1 /* AppDelegate.swift */,
				D2A5D77B2AA0BBB000214ED1 /* SceneDelegate.swift */,
				D2A5D77D2AA0BBB000214ED1 /* ViewController.swift */,
				D2A5D7972AA0BC9C00214ED1 /* DatabaseHelper.swift */,
				D2A5D7992AA0C0E200214ED1 /* People+CoreDataClass.swift */,
				D2A5D79A2AA0C0E200214ED1 /* People+CoreDataProperties.swift */,
				D2A5D77F2AA0BBB000214ED1 /* Main.storyboard */,
				D2A5D79D2AA0C7CC00214ED1 /* PersonCell.swift */,
				D2A5D7852AA0BBB100214ED1 /* Assets.xcassets */,
				D2A5D7872AA0BBB100214ED1 /* LaunchScreen.storyboard */,
				D2A5D78A2AA0BBB100214ED1 /* Info.plist */,
				D2A5D7822AA0BBB000214ED1 /* Project10.xcdatamodeld */,
			);
			path = Project10;
			sourceTree = "<group>";
		};
		D2A5D7942AA0BC6B00214ED1 /* Frameworks */ = {
			isa = PBXGroup;
			children = (
				D2A5D7952AA0BC6B00214ED1 /* CoreData.framework */,
			);
			name = Frameworks;
			sourceTree = "<group>";
		};
/* End PBXGroup section */

/* Begin PBXNativeTarget section */
		D2A5D7752AA0BBB000214ED1 /* Project10 */ = {
			isa = PBXNativeTarget;
			buildConfigurationList = D2A5D78D2AA0BBB100214ED1 /* Build configuration list for PBXNativeTarget "Project10" */;
			buildPhases = (
				D2A5D7722AA0BBB000214ED1 /* Sources */,
				D2A5D7732AA0BBB000214ED1 /* Frameworks */,
				D2A5D7742AA0BBB000214ED1 /* Resources */,
			);
			buildRules = (
			);
			dependencies = (
			);
			name = Project10;
			productName = Project10;
			productReference = D2A5D7762AA0BBB000214ED1 /* Project10.app */;
			productType = "com.apple.product-type.application";
		};
/* End PBXNativeTarget section */

/* Begin PBXProject section */
		D2A5D76E2AA0BBB000214ED1 /* Project object */ = {
			isa = PBXProject;
			attributes = {
				BuildIndependentTargetsInParallel = 1;
				LastSwiftUpdateCheck = 1430;
				LastUpgradeCheck = 1430;
				TargetAttributes = {
					D2A5D7752AA0BBB000214ED1 = {
						CreatedOnToolsVersion = 14.3.1;
					};
				};
			};
			buildConfigurationList = D2A5D7712AA0BBB000214ED1 /* Build configuration list for PBXProject "Project10" */;
			compatibilityVersion = "Xcode 14.0";
			developmentRegion = en;
			hasScannedForEncodings = 0;
			knownRegions = (
				en,
				Base,
			);
			mainGroup = D2A5D76D2AA0BBB000214ED1;
			productRefGroup = D2A5D7772AA0BBB000214ED1 /* Products */;
			projectDirPath = "";
			projectRoot = "";
			targets = (
				D2A5D7752AA0BBB000214ED1 /* Project10 */,
			);
		};
/* End PBXProject section */

/* Begin PBXResourcesBuildPhase section */
		D2A5D7742AA0BBB000214ED1 /* Resources */ = {
			isa = PBXResourcesBuildPhase;
			buildActionMask = 2147483647;
			files = (
				D2A5D7892AA0BBB100214ED1 /* LaunchScreen.storyboard in Resources */,
				D2A5D7862AA0BBB100214ED1 /* Assets.xcassets in Resources */,
				D2A5D7812AA0BBB000214ED1 /* Main.storyboard in Resources */,
			);
			runOnlyForDeploymentPostprocessing = 0;
		};
/* End PBXResourcesBuildPhase section */

/* Begin PBXSourcesBuildPhase section */
		D2A5D7722AA0BBB000214ED1 /* Sources */ = {
			isa = PBXSourcesBuildPhase;
			buildActionMask = 2147483647;
			files = (
				D2A5D79B2AA0C0E200214ED1 /* People+CoreDataClass.swift in Sources */,
				D2A5D79C2AA0C0E200214ED1 /* People+CoreDataProperties.swift in Sources */,
				D2A5D79E2AA0C7CC00214ED1 /* PersonCell.swift in Sources */,
				D2A5D77E2AA0BBB000214ED1 /* ViewController.swift in Sources */,
				D2A5D77A2AA0BBB000214ED1 /* AppDelegate.swift in Sources */,
				D2A5D7982AA0BC9C00214ED1 /* DatabaseHelper.swift in Sources */,
				D2A5D7842AA0BBB000214ED1 /* Project10.xcdatamodeld in Sources */,
				D2A5D77C2AA0BBB000214ED1 /* SceneDelegate.swift in Sources */,
			);
			runOnlyForDeploymentPostprocessing = 0;
		};
/* End PBXSourcesBuildPhase section */

/* Begin PBXVariantGroup section */
		D2A5D77F2AA0BBB000214ED1 /* Main.storyboard */ = {
			isa = PBXVariantGroup;
			children = (
				D2A5D7802AA0BBB000214ED1 /* Base */,
			);
			name = Main.storyboard;
			sourceTree = "<group>";
		};
		D2A5D7872AA0BBB100214ED1 /* LaunchScreen.storyboard */ = {
			isa = PBXVariantGroup;
			children = (
				D2A5D7882AA0BBB100214ED1 /* Base */,
			);
			name = LaunchScreen.storyboard;
			sourceTree = "<group>";
		};
/* End PBXVariantGroup section */

/* Begin XCBuildConfiguration section */
		D2A5D78B2AA0BBB100214ED1 /* Debug */ = {
			isa = XCBuildConfiguration;
			buildSettings = {
				ALWAYS_SEARCH_USER_PATHS = NO;
				CLANG_ANALYZER_NONNULL = YES;
				CLANG_ANALYZER_NUMBER_OBJECT_CONVERSION = YES_AGGRESSIVE;
				CLANG_CXX_LANGUAGE_STANDARD = "gnu++20";
				CLANG_ENABLE_MODULES = YES;
				CLANG_ENABLE_OBJC_ARC = YES;
				CLANG_ENABLE_OBJC_WEAK = YES;
				CLANG_WARN_BLOCK_CAPTURE_AUTORELEASING = YES;
				CLANG_WARN_BOOL_CONVERSION = YES;
				CLANG_WARN_COMMA = YES;
				CLANG_WARN_CONSTANT_CONVERSION = YES;
				CLANG_WARN_DEPRECATED_OBJC_IMPLEMENTATIONS = YES;
				CLANG_WARN_DIRECT_OBJC_ISA_USAGE = YES_ERROR;
				CLANG_WARN_DOCUMENTATION_COMMENTS = YES;
				CLANG_WARN_EMPTY_BODY = YES;
				CLANG_WARN_ENUM_CONVERSION = YES;
				CLANG_WARN_INFINITE_RECURSION = YES;
				CLANG_WARN_INT_CONVERSION = YES;
				CLANG_WARN_NON_LITERAL_NULL_CONVERSION = YES;
				CLANG_WARN_OBJC_IMPLICIT_RETAIN_SELF = YES;
				CLANG_WARN_OBJC_LITERAL_CONVERSION = YES;
				CLANG_WARN_OBJC_ROOT_CLASS = YES_ERROR;
				CLANG_WARN_QUOTED_INCLUDE_IN_FRAMEWORK_HEADER = YES;
				CLANG_WARN_RANGE_LOOP_ANALYSIS = YES;
				CLANG_WARN_STRICT_PROTOTYPES = YES;
				CLANG_WARN_SUSPICIOUS_MOVE = YES;
				CLANG_WARN_UNGUARDED_AVAILABILITY = YES_AGGRESSIVE;
				CLANG_WARN_UNREACHABLE_CODE = YES;
				CLANG_WARN__DUPLICATE_METHOD_MATCH = YES;
				COPY_PHASE_STRIP = NO;
				DEBUG_INFORMATION_FORMAT = dwarf;
				ENABLE_STRICT_OBJC_MSGSEND = YES;
				ENABLE_TESTABILITY = YES;
				GCC_C_LANGUAGE_STANDARD = gnu11;
				GCC_DYNAMIC_NO_PIC = NO;
				GCC_NO_COMMON_BLOCKS = YES;
				GCC_OPTIMIZATION_LEVEL = 0;
				GCC_PREPROCESSOR_DEFINITIONS = (
					"DEBUG=1",
					"$(inherited)",
				);
				GCC_WARN_64_TO_32_BIT_CONVERSION = YES;
				GCC_WARN_ABOUT_RETURN_TYPE = YES_ERROR;
				GCC_WARN_UNDECLARED_SELECTOR = YES;
				GCC_WARN_UNINITIALIZED_AUTOS = YES_AGGRESSIVE;
				GCC_WARN_UNUSED_FUNCTION = YES;
				GCC_WARN_UNUSED_VARIABLE = YES;
				IPHONEOS_DEPLOYMENT_TARGET = 16.4;
				MTL_ENABLE_DEBUG_INFO = INCLUDE_SOURCE;
				MTL_FAST_MATH = YES;
				ONLY_ACTIVE_ARCH = YES;
				SDKROOT = iphoneos;
				SWIFT_ACTIVE_COMPILATION_CONDITIONS = DEBUG;
				SWIFT_OPTIMIZATION_LEVEL = "-Onone";
			};
			name = Debug;
		};
		D2A5D78C2AA0BBB100214ED1 /* Release */ = {
			isa = XCBuildConfiguration;
			buildSettings = {
				ALWAYS_SEARCH_USER_PATHS = NO;
				CLANG_ANALYZER_NONNULL = YES;
				CLANG_ANALYZER_NUMBER_OBJECT_CONVERSION = YES_AGGRESSIVE;
				CLANG_CXX_LANGUAGE_STANDARD = "gnu++20";
				CLANG_ENABLE_MODULES = YES;
				CLANG_ENABLE_OBJC_ARC = YES;
				CLANG_ENABLE_OBJC_WEAK = YES;
				CLANG_WARN_BLOCK_CAPTURE_AUTORELEASING = YES;
				CLANG_WARN_BOOL_CONVERSION = YES;
				CLANG_WARN_COMMA = YES;
				CLANG_WARN_CONSTANT_CONVERSION = YES;
				CLANG_WARN_DEPRECATED_OBJC_IMPLEMENTATIONS = YES;
				CLANG_WARN_DIRECT_OBJC_ISA_USAGE = YES_ERROR;
				CLANG_WARN_DOCUMENTATION_COMMENTS = YES;
				CLANG_WARN_EMPTY_BODY = YES;
				CLANG_WARN_ENUM_CONVERSION = YES;
				CLANG_WARN_INFINITE_RECURSION = YES;
				CLANG_WARN_INT_CONVERSION = YES;
				CLANG_WARN_NON_LITERAL_NULL_CONVERSION = YES;
				CLANG_WARN_OBJC_IMPLICIT_RETAIN_SELF = YES;
				CLANG_WARN_OBJC_LITERAL_CONVERSION = YES;
				CLANG_WARN_OBJC_ROOT_CLASS = YES_ERROR;
				CLANG_WARN_QUOTED_INCLUDE_IN_FRAMEWORK_HEADER = YES;
				CLANG_WARN_RANGE_LOOP_ANALYSIS = YES;
				CLANG_WARN_STRICT_PROTOTYPES = YES;
				CLANG_WARN_SUSPICIOUS_MOVE = YES;
				CLANG_WARN_UNGUARDED_AVAILABILITY = YES_AGGRESSIVE;
				CLANG_WARN_UNREACHABLE_CODE = YES;
				CLANG_WARN__DUPLICATE_METHOD_MATCH = YES;
				COPY_PHASE_STRIP = NO;
				DEBUG_INFORMATION_FORMAT = "dwarf-with-dsym";
				ENABLE_NS_ASSERTIONS = NO;
				ENABLE_STRICT_OBJC_MSGSEND = YES;
				GCC_C_LANGUAGE_STANDARD = gnu11;
				GCC_NO_COMMON_BLOCKS = YES;
				GCC_WARN_64_TO_32_BIT_CONVERSION = YES;
				GCC_WARN_ABOUT_RETURN_TYPE = YES_ERROR;
				GCC_WARN_UNDECLARED_SELECTOR = YES;
				GCC_WARN_UNINITIALIZED_AUTOS = YES_AGGRESSIVE;
				GCC_WARN_UNUSED_FUNCTION = YES;
				GCC_WARN_UNUSED_VARIABLE = YES;
				IPHONEOS_DEPLOYMENT_TARGET = 16.4;
				MTL_ENABLE_DEBUG_INFO = NO;
				MTL_FAST_MATH = YES;
				SDKROOT = iphoneos;
				SWIFT_COMPILATION_MODE = wholemodule;
				SWIFT_OPTIMIZATION_LEVEL = "-O";
				VALIDATE_PRODUCT = YES;
			};
			name = Release;
		};
		D2A5D78E2AA0BBB100214ED1 /* Debug */ = {
			isa = XCBuildConfiguration;
			buildSettings = {
				ASSETCATALOG_COMPILER_APPICON_NAME = AppIcon;
				ASSETCATALOG_COMPILER_GLOBAL_ACCENT_COLOR_NAME = AccentColor;
				CODE_SIGN_STYLE = Automatic;
				CURRENT_PROJECT_VERSION = 1;
				GENERATE_INFOPLIST_FILE = YES;
				INFOPLIST_FILE = Project10/Info.plist;
				INFOPLIST_KEY_UIApplicationSupportsIndirectInputEvents = YES;
				INFOPLIST_KEY_UILaunchStoryboardName = LaunchScreen;
				INFOPLIST_KEY_UIMainStoryboardFile = Main;
				INFOPLIST_KEY_UISupportedInterfaceOrientations_iPad = "UIInterfaceOrientationPortrait UIInterfaceOrientationPortraitUpsideDown UIInterfaceOrientationLandscapeLeft UIInterfaceOrientationLandscapeRight";
				INFOPLIST_KEY_UISupportedInterfaceOrientations_iPhone = "UIInterfaceOrientationPortrait UIInterfaceOrientationLandscapeLeft UIInterfaceOrientationLandscapeRight";
				LD_RUNPATH_SEARCH_PATHS = (
					"$(inherited)",
					"@executable_path/Frameworks",
				);
				MARKETING_VERSION = 1.0;
				PRODUCT_BUNDLE_IDENTIFIER = me.singh.adarsh.Project10;
				PRODUCT_NAME = "$(TARGET_NAME)";
				SWIFT_EMIT_LOC_STRINGS = YES;
				SWIFT_VERSION = 5.0;
				TARGETED_DEVICE_FAMILY = "1,2";
			};
			name = Debug;
		};
		D2A5D78F2AA0BBB100214ED1 /* Release */ = {
			isa = XCBuildConfiguration;
			buildSettings = {
				ASSETCATALOG_COMPILER_APPICON_NAME = AppIcon;
				ASSETCATALOG_COMPILER_GLOBAL_ACCENT_COLOR_NAME = AccentColor;
				CODE_SIGN_STYLE = Automatic;
				CURRENT_PROJECT_VERSION = 1;
				GENERATE_INFOPLIST_FILE = YES;
				INFOPLIST_FILE = Project10/Info.plist;
				INFOPLIST_KEY_UIApplicationSupportsIndirectInputEvents = YES;
				INFOPLIST_KEY_UILaunchStoryboardName = LaunchScreen;
				INFOPLIST_KEY_UIMainStoryboardFile = Main;
				INFOPLIST_KEY_UISupportedInterfaceOrientations_iPad = "UIInterfaceOrientationPortrait UIInterfaceOrientationPortraitUpsideDown UIInterfaceOrientationLandscapeLeft UIInterfaceOrientationLandscapeRight";
				INFOPLIST_KEY_UISupportedInterfaceOrientations_iPhone = "UIInterfaceOrientationPortrait UIInterfaceOrientationLandscapeLeft UIInterfaceOrientationLandscapeRight";
				LD_RUNPATH_SEARCH_PATHS = (
					"$(inherited)",
					"@executable_path/Frameworks",
				);
				MARKETING_VERSION = 1.0;
				PRODUCT_BUNDLE_IDENTIFIER = me.singh.adarsh.Project10;
				PRODUCT_NAME = "$(TARGET_NAME)";
				SWIFT_EMIT_LOC_STRINGS = YES;
				SWIFT_VERSION = 5.0;
				TARGETED_DEVICE_FAMILY = "1,2";
			};
			name = Release;
		};
/* End XCBuildConfiguration section */

/* Begin XCConfigurationList section */
		D2A5D7712AA0BBB000214ED1 /* Build configuration list for PBXProject "Project10" */ = {
			isa = XCConfigurationList;
			buildConfigurations = (
				D2A5D78B2AA0BBB100214ED1 /* Debug */,
				D2A5D78C2AA0BBB100214ED1 /* Release */,
			);
			defaultConfigurationIsVisible = 0;
			defaultConfigurationName = Release;
		};
		D2A5D78D2AA0BBB100214ED1 /* Build configuration list for PBXNativeTarget "Project10" */ = {
			isa = XCConfigurationList;
			buildConfigurations = (
				D2A5D78E2AA0BBB100214ED1 /* Debug */,
				D2A5D78F2AA0BBB100214ED1 /* Release */,
			);
			defaultConfigurationIsVisible = 0;
			defaultConfigurationName = Release;
		};
/* End XCConfigurationList section */

/* Begin XCVersionGroup section */
		D2A5D7822AA0BBB000214ED1 /* Project10.xcdatamodeld */ = {
			isa = XCVersionGroup;
			children = (
				D2A5D7832AA0BBB000214ED1 /* Project10.xcdatamodel */,
			);
			currentVersion = D2A5D7832AA0BBB000214ED1 /* Project10.xcdatamodel */;
			path = Project10.xcdatamodeld;
			sourceTree = "<group>";
			versionGroupType = wrapper.xcdatamodel;
		};
/* End XCVersionGroup section */
	};
	rootObject = D2A5D76E2AA0BBB000214ED1 /* Project object */;
}
